
Microsoft Visual Studio Solution File, Format Version 12.00
# Visual Studio 14
VisualStudioVersion = 14.0.24720.0
MinimumVisualStudioVersion = 10.0.40219.1
Project("{8BC9CEB8-8B4A-11D0-8D11-00A0C91BC942}") = "윈플밍2장", "Win32Project1\Win32Project1.vcxproj", "{3434145A-7C90-43A0-AF10-81751E8C6C57}"
EndProject
Project("{8BC9CEB8-8B4A-11D0-8D11-00A0C91BC942}") = "윈플밍3장", "윈플밍3장\윈플밍3장.vcxproj", "{2FD87F74-DC3C-4DF3-8B22-0BADB53F78D5}"
EndProject
Project("{8BC9CEB8-8B4A-11D0-8D11-00A0C91BC942}") = "윈플밍5장", "윈플밍5장\윈플밍5장.vcxproj", "{648950E9-0A45-415B-BB9F-4580A67F9603}"
EndProject
Project("{8BC9CEB8-8B4A-11D0-8D11-00A0C91BC942}") = "윈플밍4장", "윈플밍4장\윈플밍4장.vcxproj", "{A6B96666-0E63-4E17-A321-5E9E6AF1AD51}"
EndProject
Project("{8BC9CEB8-8B4A-11D0-8D11-00A0C91BC942}") = "윈플밍6장-1", "윈플밍6장-1\윈플밍6장-1.vcxproj", "{BAF3C578-7304-4005-8CA8-2CE6A8CDE40A}"
EndProject
Project("{8BC9CEB8-8B4A-11D0-8D11-00A0C91BC942}") = "윈플밍6장-2", "윈플밍6장-2\윈플밍6장-2.vcxproj", "{78EFF668-B418-4A11-9792-F579585D3F1A}"
EndProject
Project("{8BC9CEB8-8B4A-11D0-8D11-00A0C91BC942}") = "윈플밍6장-3", "윈플밍6장-3\윈플밍6장-3.vcxproj", "{CF6BE287-8109-4569-BE36-A7F498A2ACA6}"
EndProject
Project("{8BC9CEB8-8B4A-11D0-8D11-00A0C91BC942}") = "윈플밍6장-4", "윈플밍6장-4\윈플밍6장-4.vcxproj", "{33B2183C-93E2-44F7-BAFD-77A2E7A13B12}"
EndProject
Project("{8BC9CEB8-8B4A-11D0-8D11-00A0C91BC942}") = "윈플밍6장-5", "윈플밍6장-5\윈플밍6장-5.vcxproj", "{E191EFFB-0B73-49B5-88F1-BA3D5DF84677}"
EndProject
Project("{8BC9CEB8-8B4A-11D0-8D11-00A0C91BC942}") = "윈플밍6장-6", "윈플밍6장-6\윈플밍6장-6.vcxproj", "{EB8EBE71-8CCA-4FD5-ADDF-97F905A95B31}"
EndProject
Project("{8BC9CEB8-8B4A-11D0-8D11-00A0C91BC942}") = "윈플밍6장-7", "윈플밍6장-7\윈플밍6장-7.vcxproj", "{E8AE5EF2-F110-4983-816B-11DC16FE6382}"
EndProject
Project("{8BC9CEB8-8B4A-11D0-8D11-00A0C91BC942}") = "윈플밍7장-1", "윈플밍7-1\윈플 7-1.vcxproj", "{58B637EF-8EBC-46ED-8A2C-4E28F16DEF35}"
EndProject
Project("{8BC9CEB8-8B4A-11D0-8D11-00A0C91BC942}") = "윈플밍7장-2", "윈플밍7-2\윈플 7-2.vcxproj", "{CB7BBEBC-8E63-4D28-A200-1DA777541F89}"
EndProject
Global
	GlobalSection(SolutionConfigurationPlatforms) = preSolution
		Debug|x64 = Debug|x64
		Debug|x86 = Debug|x86
		Release|x64 = Release|x64
		Release|x86 = Release|x86
	EndGlobalSection
	GlobalSection(ProjectConfigurationPlatforms) = postSolution
		{3434145A-7C90-43A0-AF10-81751E8C6C57}.Debug|x64.ActiveCfg = Debug|x64
		{3434145A-7C90-43A0-AF10-81751E8C6C57}.Debug|x64.Build.0 = Debug|x64
		{3434145A-7C90-43A0-AF10-81751E8C6C57}.Debug|x86.ActiveCfg = Debug|Win32
		{3434145A-7C90-43A0-AF10-81751E8C6C57}.Debug|x86.Build.0 = Debug|Win32
		{3434145A-7C90-43A0-AF10-81751E8C6C57}.Release|x64.ActiveCfg = Release|x64
		{3434145A-7C90-43A0-AF10-81751E8C6C57}.Release|x64.Build.0 = Release|x64
		{3434145A-7C90-43A0-AF10-81751E8C6C57}.Release|x86.ActiveCfg = Release|Win32
		{3434145A-7C90-43A0-AF10-81751E8C6C57}.Release|x86.Build.0 = Release|Win32
		{2FD87F74-DC3C-4DF3-8B22-0BADB53F78D5}.Debug|x64.ActiveCfg = Debug|x64
		{2FD87F74-DC3C-4DF3-8B22-0BADB53F78D5}.Debug|x64.Build.0 = Debug|x64
		{2FD87F74-DC3C-4DF3-8B22-0BADB53F78D5}.Debug|x86.ActiveCfg = Debug|Win32
		{2FD87F74-DC3C-4DF3-8B22-0BADB53F78D5}.Debug|x86.Build.0 = Debug|Win32
		{2FD87F74-DC3C-4DF3-8B22-0BADB53F78D5}.Release|x64.ActiveCfg = Release|x64
		{2FD87F74-DC3C-4DF3-8B22-0BADB53F78D5}.Release|x64.Build.0 = Release|x64
		{2FD87F74-DC3C-4DF3-8B22-0BADB53F78D5}.Release|x86.ActiveCfg = Release|Win32
		{2FD87F74-DC3C-4DF3-8B22-0BADB53F78D5}.Release|x86.Build.0 = Release|Win32
		{648950E9-0A45-415B-BB9F-4580A67F9603}.Debug|x64.ActiveCfg = Debug|x64
		{648950E9-0A45-415B-BB9F-4580A67F9603}.Debug|x64.Build.0 = Debug|x64
		{648950E9-0A45-415B-BB9F-4580A67F9603}.Debug|x86.ActiveCfg = Debug|Win32
		{648950E9-0A45-415B-BB9F-4580A67F9603}.Debug|x86.Build.0 = Debug|Win32
		{648950E9-0A45-415B-BB9F-4580A67F9603}.Release|x64.ActiveCfg = Release|x64
		{648950E9-0A45-415B-BB9F-4580A67F9603}.Release|x64.Build.0 = Release|x64
		{648950E9-0A45-415B-BB9F-4580A67F9603}.Release|x86.ActiveCfg = Release|Win32
		{648950E9-0A45-415B-BB9F-4580A67F9603}.Release|x86.Build.0 = Release|Win32
		{A6B96666-0E63-4E17-A321-5E9E6AF1AD51}.Debug|x64.ActiveCfg = Debug|x64
		{A6B96666-0E63-4E17-A321-5E9E6AF1AD51}.Debug|x64.Build.0 = Debug|x64
		{A6B96666-0E63-4E17-A321-5E9E6AF1AD51}.Debug|x86.ActiveCfg = Debug|Win32
		{A6B96666-0E63-4E17-A321-5E9E6AF1AD51}.Debug|x86.Build.0 = Debug|Win32
		{A6B96666-0E63-4E17-A321-5E9E6AF1AD51}.Release|x64.ActiveCfg = Release|x64
		{A6B96666-0E63-4E17-A321-5E9E6AF1AD51}.Release|x64.Build.0 = Release|x64
		{A6B96666-0E63-4E17-A321-5E9E6AF1AD51}.Release|x86.ActiveCfg = Release|Win32
		{A6B96666-0E63-4E17-A321-5E9E6AF1AD51}.Release|x86.Build.0 = Release|Win32
		{BAF3C578-7304-4005-8CA8-2CE6A8CDE40A}.Debug|x64.ActiveCfg = Debug|x64
		{BAF3C578-7304-4005-8CA8-2CE6A8CDE40A}.Debug|x64.Build.0 = Debug|x64
		{BAF3C578-7304-4005-8CA8-2CE6A8CDE40A}.Debug|x86.ActiveCfg = Debug|Win32
		{BAF3C578-7304-4005-8CA8-2CE6A8CDE40A}.Debug|x86.Build.0 = Debug|Win32
		{BAF3C578-7304-4005-8CA8-2CE6A8CDE40A}.Release|x64.ActiveCfg = Release|x64
		{BAF3C578-7304-4005-8CA8-2CE6A8CDE40A}.Release|x64.Build.0 = Release|x64
		{BAF3C578-7304-4005-8CA8-2CE6A8CDE40A}.Release|x86.ActiveCfg = Release|Win32
		{BAF3C578-7304-4005-8CA8-2CE6A8CDE40A}.Release|x86.Build.0 = Release|Win32
		{78EFF668-B418-4A11-9792-F579585D3F1A}.Debug|x64.ActiveCfg = Debug|x64
		{78EFF668-B418-4A11-9792-F579585D3F1A}.Debug|x64.Build.0 = Debug|x64
		{78EFF668-B418-4A11-9792-F579585D3F1A}.Debug|x86.ActiveCfg = Debug|Win32
		{78EFF668-B418-4A11-9792-F579585D3F1A}.Debug|x86.Build.0 = Debug|Win32
		{78EFF668-B418-4A11-9792-F579585D3F1A}.Release|x64.ActiveCfg = Release|x64
		{78EFF668-B418-4A11-9792-F579585D3F1A}.Release|x64.Build.0 = Release|x64
		{78EFF668-B418-4A11-9792-F579585D3F1A}.Release|x86.ActiveCfg = Release|Win32
		{78EFF668-B418-4A11-9792-F579585D3F1A}.Release|x86.Build.0 = Release|Win32
		{CF6BE287-8109-4569-BE36-A7F498A2ACA6}.Debug|x64.ActiveCfg = Debug|x64
		{CF6BE287-8109-4569-BE36-A7F498A2ACA6}.Debug|x64.Build.0 = Debug|x64
		{CF6BE287-8109-4569-BE36-A7F498A2ACA6}.Debug|x86.ActiveCfg = Debug|Win32
		{CF6BE287-8109-4569-BE36-A7F498A2ACA6}.Debug|x86.Build.0 = Debug|Win32
		{CF6BE287-8109-4569-BE36-A7F498A2ACA6}.Release|x64.ActiveCfg = Release|x64
		{CF6BE287-8109-4569-BE36-A7F498A2ACA6}.Release|x64.Build.0 = Release|x64
		{CF6BE287-8109-4569-BE36-A7F498A2ACA6}.Release|x86.ActiveCfg = Release|Win32
		{CF6BE287-8109-4569-BE36-A7F498A2ACA6}.Release|x86.Build.0 = Release|Win32
		{33B2183C-93E2-44F7-BAFD-77A2E7A13B12}.Debug|x64.ActiveCfg = Debug|x64
		{33B2183C-93E2-44F7-BAFD-77A2E7A13B12}.Debug|x64.Build.0 = Debug|x64
		{33B2183C-93E2-44F7-BAFD-77A2E7A13B12}.Debug|x86.ActiveCfg = Debug|Win32
		{33B2183C-93E2-44F7-BAFD-77A2E7A13B12}.Debug|x86.Build.0 = Debug|Win32
		{33B2183C-93E2-44F7-BAFD-77A2E7A13B12}.Release|x64.ActiveCfg = Release|x64
		{33B2183C-93E2-44F7-BAFD-77A2E7A13B12}.Release|x64.Build.0 = Release|x64
		{33B2183C-93E2-44F7-BAFD-77A2E7A13B12}.Release|x86.ActiveCfg = Release|Win32
		{33B2183C-93E2-44F7-BAFD-77A2E7A13B12}.Release|x86.Build.0 = Release|Win32
		{E191EFFB-0B73-49B5-88F1-BA3D5DF84677}.Debug|x64.ActiveCfg = Debug|x64
		{E191EFFB-0B73-49B5-88F1-BA3D5DF84677}.Debug|x64.Build.0 = Debug|x64
		{E191EFFB-0B73-49B5-88F1-BA3D5DF84677}.Debug|x86.ActiveCfg = Debug|Win32
		{E191EFFB-0B73-49B5-88F1-BA3D5DF84677}.Debug|x86.Build.0 = Debug|Win32
		{E191EFFB-0B73-49B5-88F1-BA3D5DF84677}.Release|x64.ActiveCfg = Release|x64
		{E191EFFB-0B73-49B5-88F1-BA3D5DF84677}.Release|x64.Build.0 = Release|x64
		{E191EFFB-0B73-49B5-88F1-BA3D5DF84677}.Release|x86.ActiveCfg = Release|Win32
		{E191EFFB-0B73-49B5-88F1-BA3D5DF84677}.Release|x86.Build.0 = Release|Win32
		{EB8EBE71-8CCA-4FD5-ADDF-97F905A95B31}.Debug|x64.ActiveCfg = Debug|x64
		{EB8EBE71-8CCA-4FD5-ADDF-97F905A95B31}.Debug|x64.Build.0 = Debug|x64
		{EB8EBE71-8CCA-4FD5-ADDF-97F905A95B31}.Debug|x86.ActiveCfg = Debug|Win32
		{EB8EBE71-8CCA-4FD5-ADDF-97F905A95B31}.Debug|x86.Build.0 = Debug|Win32
		{EB8EBE71-8CCA-4FD5-ADDF-97F905A95B31}.Release|x64.ActiveCfg = Release|x64
		{EB8EBE71-8CCA-4FD5-ADDF-97F905A95B31}.Release|x64.Build.0 = Release|x64
		{EB8EBE71-8CCA-4FD5-ADDF-97F905A95B31}.Release|x86.ActiveCfg = Release|Win32
		{EB8EBE71-8CCA-4FD5-ADDF-97F905A95B31}.Release|x86.Build.0 = Release|Win32
		{E8AE5EF2-F110-4983-816B-11DC16FE6382}.Debug|x64.ActiveCfg = Debug|x64
		{E8AE5EF2-F110-4983-816B-11DC16FE6382}.Debug|x64.Build.0 = Debug|x64
		{E8AE5EF2-F110-4983-816B-11DC16FE6382}.Debug|x86.ActiveCfg = Debug|Win32
		{E8AE5EF2-F110-4983-816B-11DC16FE6382}.Debug|x86.Build.0 = Debug|Win32
		{E8AE5EF2-F110-4983-816B-11DC16FE6382}.Release|x64.ActiveCfg = Release|x64
		{E8AE5EF2-F110-4983-816B-11DC16FE6382}.Release|x64.Build.0 = Release|x64
		{E8AE5EF2-F110-4983-816B-11DC16FE6382}.Release|x86.ActiveCfg = Release|Win32
		{E8AE5EF2-F110-4983-816B-11DC16FE6382}.Release|x86.Build.0 = Release|Win32
		{58B637EF-8EBC-46ED-8A2C-4E28F16DEF35}.Debug|x64.ActiveCfg = Debug|x64
		{58B637EF-8EBC-46ED-8A2C-4E28F16DEF35}.Debug|x64.Build.0 = Debug|x64
		{58B637EF-8EBC-46ED-8A2C-4E28F16DEF35}.Debug|x86.ActiveCfg = Debug|Win32
		{58B637EF-8EBC-46ED-8A2C-4E28F16DEF35}.Debug|x86.Build.0 = Debug|Win32
		{58B637EF-8EBC-46ED-8A2C-4E28F16DEF35}.Release|x64.ActiveCfg = Release|x64
		{58B637EF-8EBC-46ED-8A2C-4E28F16DEF35}.Release|x64.Build.0 = Release|x64
		{58B637EF-8EBC-46ED-8A2C-4E28F16DEF35}.Release|x86.ActiveCfg = Release|Win32
		{58B637EF-8EBC-46ED-8A2C-4E28F16DEF35}.Release|x86.Build.0 = Release|Win32
		{CB7BBEBC-8E63-4D28-A200-1DA777541F89}.Debug|x64.ActiveCfg = Debug|x64
		{CB7BBEBC-8E63-4D28-A200-1DA777541F89}.Debug|x64.Build.0 = Debug|x64
		{CB7BBEBC-8E63-4D28-A200-1DA777541F89}.Debug|x86.ActiveCfg = Debug|Win32
		{CB7BBEBC-8E63-4D28-A200-1DA777541F89}.Debug|x86.Build.0 = Debug|Win32
		{CB7BBEBC-8E63-4D28-A200-1DA777541F89}.Release|x64.ActiveCfg = Release|x64
		{CB7BBEBC-8E63-4D28-A200-1DA777541F89}.Release|x64.Build.0 = Release|x64
		{CB7BBEBC-8E63-4D28-A200-1DA777541F89}.Release|x86.ActiveCfg = Release|Win32
		{CB7BBEBC-8E63-4D28-A200-1DA777541F89}.Release|x86.Build.0 = Release|Win32
	EndGlobalSection
	GlobalSection(SolutionProperties) = preSolution
		HideSolutionNode = FALSE
	EndGlobalSection
EndGlobal
